
Microsoft Visual Studio Solution File, Format Version 12.00
# Visual Studio Version 17
VisualStudioVersion = 17.11.35219.272
MinimumVisualStudioVersion = 10.0.40219.1
Project("{2150E333-8FDC-42A3-9474-1A3956D46DE8}") = "identity", "identity", "{4397F4EB-90A7-4F46-A45D-40B83E24A8FF}"
EndProject
Project("{2150E333-8FDC-42A3-9474-1A3956D46DE8}") = "message", "message", "{DA0BF306-4846-4118-B677-DC1C3BC76ED6}"
EndProject
Project("{2150E333-8FDC-42A3-9474-1A3956D46DE8}") = "storage", "storage", "{416385F4-1E80-4226-9F6C-B4C67FEBD7F6}"
EndProject
Project("{2150E333-8FDC-42A3-9474-1A3956D46DE8}") = "src", "src", "{1225C808-A28F-44BF-B102-1227E44F8ECE}"
EndProject
Project("{2150E333-8FDC-42A3-9474-1A3956D46DE8}") = "tests", "tests", "{7D720FBB-6DE8-4018-A570-8A7E49C5726E}"
EndProject
Project("{2150E333-8FDC-42A3-9474-1A3956D46DE8}") = "src", "src", "{EEED6756-2FDE-46C8-8AF5-B04F86950D7A}"
EndProject
Project("{2150E333-8FDC-42A3-9474-1A3956D46DE8}") = "tests", "tests", "{A632E471-94E3-4F7C-988F-32EF6AFDAFF8}"
EndProject
Project("{2150E333-8FDC-42A3-9474-1A3956D46DE8}") = "src", "src", "{F364F48E-640B-4B1B-BA3B-3A751DFB1680}"
EndProject
Project("{2150E333-8FDC-42A3-9474-1A3956D46DE8}") = "tests", "tests", "{8679CF40-E53F-4B32-BB59-CA50669860BB}"
EndProject
Project("{9A19103F-16F7-4668-BE54-9A1E7A4F7556}") = "Board.StorageService.WebApi", "services\storage\src\Board.StorageService.WebApi\Board.StorageService.WebApi.csproj", "{A8E1D57A-51E2-461A-B699-F2E45664A2C0}"
EndProject
Project("{9A19103F-16F7-4668-BE54-9A1E7A4F7556}") = "Board.StorageService.Application", "services\storage\src\Board.StorageService.Application\Board.StorageService.Application.csproj", "{371FA9AB-CD76-4BB6-9E81-9D13BF0833B3}"
EndProject
Project("{9A19103F-16F7-4668-BE54-9A1E7A4F7556}") = "Board.StorageService.Persistence", "services\storage\src\Board.StorageService.Persistence\Board.StorageService.Persistence.csproj", "{C3F7BE53-7E6D-4A05-9D2D-792E77D3C129}"
EndProject
Project("{9A19103F-16F7-4668-BE54-9A1E7A4F7556}") = "Board.StorageService.Application.Tests", "services\storage\test\Board.StorageService.Application.Tests\Board.StorageService.Application.Tests.csproj", "{148C1BD0-44F1-4916-BBEA-D30E5517FA73}"
EndProject
Project("{9A19103F-16F7-4668-BE54-9A1E7A4F7556}") = "Board.MessageService.WebApi", "services\message\src\Board.MessageService.WebApi\Board.MessageService.WebApi.csproj", "{A17CCAB0-F2DA-40F8-B2F1-AB4C36462F9C}"
EndProject
Project("{9A19103F-16F7-4668-BE54-9A1E7A4F7556}") = "Board.MessageService.Application", "services\message\src\Board.MessageService.Application\Board.MessageService.Application.csproj", "{B5D90C8D-2F49-4AAB-ABE1-C86EA98A0778}"
EndProject
Project("{9A19103F-16F7-4668-BE54-9A1E7A4F7556}") = "Board.MessageService.Persistence", "services\message\src\Board.MessageService.Persistence\Board.MessageService.Persistence.csproj", "{09FC3D79-BE6D-44DC-8FE5-DDE2BF4550D7}"
EndProject
Project("{9A19103F-16F7-4668-BE54-9A1E7A4F7556}") = "Board.MessageService.Application.Tests", "services\message\tests\Board.MessageService.Application.Tests\Board.MessageService.Application.Tests.csproj", "{180CB812-512A-47D6-B96E-B894E81BC1AE}"
EndProject
Project("{9A19103F-16F7-4668-BE54-9A1E7A4F7556}") = "Board.IdentityService.WebApi", "services\identity\src\Board.IdentityService.WebApi\Board.IdentityService.WebApi.csproj", "{88BFE3B0-594C-4B35-8883-42F689D92826}"
EndProject
Project("{9A19103F-16F7-4668-BE54-9A1E7A4F7556}") = "Board.IdentityService.Persistence", "services\identity\src\Board.IdentityService.Persistence\Board.IdentityService.Persistence.csproj", "{F560BB57-97A8-4E0B-AC94-A7A53C680FEF}"
EndProject
Project("{9A19103F-16F7-4668-BE54-9A1E7A4F7556}") = "Board.IdentityService.Application", "services\identity\src\Board.IdentityService.Application\Board.IdentityService.Application.csproj", "{C41D2B44-DCFA-4AD3-9295-867FC94382CC}"
EndProject
Project("{9A19103F-16F7-4668-BE54-9A1E7A4F7556}") = "Board.IdentityService.Application.Tests", "services\identity\test\Board.IdentityService.Application.Tests\Board.IdentityService.Application.Tests.csproj", "{AFC5AF88-0593-4A48-8061-BD45AC922AAA}"
EndProject
Project("{2150E333-8FDC-42A3-9474-1A3956D46DE8}") = "search", "search", "{F1CD18C9-8FFF-42D7-93A9-94899C7BB902}"
EndProject
Project("{2150E333-8FDC-42A3-9474-1A3956D46DE8}") = "src", "src", "{811E8160-B024-48CD-A420-B72DDDEAB6EE}"
EndProject
Project("{2150E333-8FDC-42A3-9474-1A3956D46DE8}") = "tests", "tests", "{080FF18C-E383-4D5A-A798-818538A3D374}"
EndProject
Project("{9A19103F-16F7-4668-BE54-9A1E7A4F7556}") = "Board.SearchService.WebApi", "services\search\src\Board.SearchService.WebApi\Board.SearchService.WebApi.csproj", "{F28933C8-595A-4909-823B-16DB4912AE87}"
EndProject
Project("{9A19103F-16F7-4668-BE54-9A1E7A4F7556}") = "Board.SearchService.Application", "services\search\src\Board.SearchService.Application\Board.SearchService.Application.csproj", "{B6D8AD13-73CB-4E21-9057-2C7F278DAB4C}"
EndProject
Project("{9A19103F-16F7-4668-BE54-9A1E7A4F7556}") = "Board.SearchService.Persistence", "services\search\src\Board.SearchService.Persistence\Board.SearchService.Persistence.csproj", "{F7BC0D78-087B-4A4E-9AD0-639F695D2E3F}"
EndProject
Global
	GlobalSection(SolutionConfigurationPlatforms) = preSolution
		Debug|Any CPU = Debug|Any CPU
		Release|Any CPU = Release|Any CPU
	EndGlobalSection
	GlobalSection(ProjectConfigurationPlatforms) = postSolution
		{A8E1D57A-51E2-461A-B699-F2E45664A2C0}.Debug|Any CPU.ActiveCfg = Debug|Any CPU
		{A8E1D57A-51E2-461A-B699-F2E45664A2C0}.Debug|Any CPU.Build.0 = Debug|Any CPU
		{A8E1D57A-51E2-461A-B699-F2E45664A2C0}.Release|Any CPU.ActiveCfg = Release|Any CPU
		{A8E1D57A-51E2-461A-B699-F2E45664A2C0}.Release|Any CPU.Build.0 = Release|Any CPU
		{371FA9AB-CD76-4BB6-9E81-9D13BF0833B3}.Debug|Any CPU.ActiveCfg = Debug|Any CPU
		{371FA9AB-CD76-4BB6-9E81-9D13BF0833B3}.Debug|Any CPU.Build.0 = Debug|Any CPU
		{371FA9AB-CD76-4BB6-9E81-9D13BF0833B3}.Release|Any CPU.ActiveCfg = Release|Any CPU
		{371FA9AB-CD76-4BB6-9E81-9D13BF0833B3}.Release|Any CPU.Build.0 = Release|Any CPU
		{C3F7BE53-7E6D-4A05-9D2D-792E77D3C129}.Debug|Any CPU.ActiveCfg = Debug|Any CPU
		{C3F7BE53-7E6D-4A05-9D2D-792E77D3C129}.Debug|Any CPU.Build.0 = Debug|Any CPU
		{C3F7BE53-7E6D-4A05-9D2D-792E77D3C129}.Release|Any CPU.ActiveCfg = Release|Any CPU
		{C3F7BE53-7E6D-4A05-9D2D-792E77D3C129}.Release|Any CPU.Build.0 = Release|Any CPU
		{148C1BD0-44F1-4916-BBEA-D30E5517FA73}.Debug|Any CPU.ActiveCfg = Debug|Any CPU
		{148C1BD0-44F1-4916-BBEA-D30E5517FA73}.Debug|Any CPU.Build.0 = Debug|Any CPU
		{148C1BD0-44F1-4916-BBEA-D30E5517FA73}.Release|Any CPU.ActiveCfg = Release|Any CPU
		{148C1BD0-44F1-4916-BBEA-D30E5517FA73}.Release|Any CPU.Build.0 = Release|Any CPU
		{A17CCAB0-F2DA-40F8-B2F1-AB4C36462F9C}.Debug|Any CPU.ActiveCfg = Debug|Any CPU
		{A17CCAB0-F2DA-40F8-B2F1-AB4C36462F9C}.Debug|Any CPU.Build.0 = Debug|Any CPU
		{A17CCAB0-F2DA-40F8-B2F1-AB4C36462F9C}.Release|Any CPU.ActiveCfg = Release|Any CPU
		{A17CCAB0-F2DA-40F8-B2F1-AB4C36462F9C}.Release|Any CPU.Build.0 = Release|Any CPU
		{B5D90C8D-2F49-4AAB-ABE1-C86EA98A0778}.Debug|Any CPU.ActiveCfg = Debug|Any CPU
		{B5D90C8D-2F49-4AAB-ABE1-C86EA98A0778}.Debug|Any CPU.Build.0 = Debug|Any CPU
		{B5D90C8D-2F49-4AAB-ABE1-C86EA98A0778}.Release|Any CPU.ActiveCfg = Release|Any CPU
		{B5D90C8D-2F49-4AAB-ABE1-C86EA98A0778}.Release|Any CPU.Build.0 = Release|Any CPU
		{09FC3D79-BE6D-44DC-8FE5-DDE2BF4550D7}.Debug|Any CPU.ActiveCfg = Debug|Any CPU
		{09FC3D79-BE6D-44DC-8FE5-DDE2BF4550D7}.Debug|Any CPU.Build.0 = Debug|Any CPU
		{09FC3D79-BE6D-44DC-8FE5-DDE2BF4550D7}.Release|Any CPU.ActiveCfg = Release|Any CPU
		{09FC3D79-BE6D-44DC-8FE5-DDE2BF4550D7}.Release|Any CPU.Build.0 = Release|Any CPU
		{180CB812-512A-47D6-B96E-B894E81BC1AE}.Debug|Any CPU.ActiveCfg = Debug|Any CPU
		{180CB812-512A-47D6-B96E-B894E81BC1AE}.Debug|Any CPU.Build.0 = Debug|Any CPU
		{180CB812-512A-47D6-B96E-B894E81BC1AE}.Release|Any CPU.ActiveCfg = Release|Any CPU
		{180CB812-512A-47D6-B96E-B894E81BC1AE}.Release|Any CPU.Build.0 = Release|Any CPU
		{88BFE3B0-594C-4B35-8883-42F689D92826}.Debug|Any CPU.ActiveCfg = Debug|Any CPU
		{88BFE3B0-594C-4B35-8883-42F689D92826}.Debug|Any CPU.Build.0 = Debug|Any CPU
		{88BFE3B0-594C-4B35-8883-42F689D92826}.Release|Any CPU.ActiveCfg = Release|Any CPU
		{88BFE3B0-594C-4B35-8883-42F689D92826}.Release|Any CPU.Build.0 = Release|Any CPU
		{F560BB57-97A8-4E0B-AC94-A7A53C680FEF}.Debug|Any CPU.ActiveCfg = Debug|Any CPU
		{F560BB57-97A8-4E0B-AC94-A7A53C680FEF}.Debug|Any CPU.Build.0 = Debug|Any CPU
		{F560BB57-97A8-4E0B-AC94-A7A53C680FEF}.Release|Any CPU.ActiveCfg = Release|Any CPU
		{F560BB57-97A8-4E0B-AC94-A7A53C680FEF}.Release|Any CPU.Build.0 = Release|Any CPU
		{C41D2B44-DCFA-4AD3-9295-867FC94382CC}.Debug|Any CPU.ActiveCfg = Debug|Any CPU
		{C41D2B44-DCFA-4AD3-9295-867FC94382CC}.Debug|Any CPU.Build.0 = Debug|Any CPU
		{C41D2B44-DCFA-4AD3-9295-867FC94382CC}.Release|Any CPU.ActiveCfg = Release|Any CPU
		{C41D2B44-DCFA-4AD3-9295-867FC94382CC}.Release|Any CPU.Build.0 = Release|Any CPU
		{AFC5AF88-0593-4A48-8061-BD45AC922AAA}.Debug|Any CPU.ActiveCfg = Debug|Any CPU
		{AFC5AF88-0593-4A48-8061-BD45AC922AAA}.Debug|Any CPU.Build.0 = Debug|Any CPU
		{AFC5AF88-0593-4A48-8061-BD45AC922AAA}.Release|Any CPU.ActiveCfg = Release|Any CPU
		{AFC5AF88-0593-4A48-8061-BD45AC922AAA}.Release|Any CPU.Build.0 = Release|Any CPU
		{F28933C8-595A-4909-823B-16DB4912AE87}.Debug|Any CPU.ActiveCfg = Debug|Any CPU
		{F28933C8-595A-4909-823B-16DB4912AE87}.Debug|Any CPU.Build.0 = Debug|Any CPU
		{F28933C8-595A-4909-823B-16DB4912AE87}.Release|Any CPU.ActiveCfg = Release|Any CPU
		{F28933C8-595A-4909-823B-16DB4912AE87}.Release|Any CPU.Build.0 = Release|Any CPU
		{B6D8AD13-73CB-4E21-9057-2C7F278DAB4C}.Debug|Any CPU.ActiveCfg = Debug|Any CPU
		{B6D8AD13-73CB-4E21-9057-2C7F278DAB4C}.Debug|Any CPU.Build.0 = Debug|Any CPU
		{B6D8AD13-73CB-4E21-9057-2C7F278DAB4C}.Release|Any CPU.ActiveCfg = Release|Any CPU
		{B6D8AD13-73CB-4E21-9057-2C7F278DAB4C}.Release|Any CPU.Build.0 = Release|Any CPU
		{F7BC0D78-087B-4A4E-9AD0-639F695D2E3F}.Debug|Any CPU.ActiveCfg = Debug|Any CPU
		{F7BC0D78-087B-4A4E-9AD0-639F695D2E3F}.Debug|Any CPU.Build.0 = Debug|Any CPU
		{F7BC0D78-087B-4A4E-9AD0-639F695D2E3F}.Release|Any CPU.ActiveCfg = Release|Any CPU
		{F7BC0D78-087B-4A4E-9AD0-639F695D2E3F}.Release|Any CPU.Build.0 = Release|Any CPU
	EndGlobalSection
	GlobalSection(SolutionProperties) = preSolution
		HideSolutionNode = FALSE
	EndGlobalSection
	GlobalSection(NestedProjects) = preSolution
		{1225C808-A28F-44BF-B102-1227E44F8ECE} = {4397F4EB-90A7-4F46-A45D-40B83E24A8FF}
		{7D720FBB-6DE8-4018-A570-8A7E49C5726E} = {4397F4EB-90A7-4F46-A45D-40B83E24A8FF}
		{EEED6756-2FDE-46C8-8AF5-B04F86950D7A} = {DA0BF306-4846-4118-B677-DC1C3BC76ED6}
		{A632E471-94E3-4F7C-988F-32EF6AFDAFF8} = {DA0BF306-4846-4118-B677-DC1C3BC76ED6}
		{F364F48E-640B-4B1B-BA3B-3A751DFB1680} = {416385F4-1E80-4226-9F6C-B4C67FEBD7F6}
		{8679CF40-E53F-4B32-BB59-CA50669860BB} = {416385F4-1E80-4226-9F6C-B4C67FEBD7F6}
		{A8E1D57A-51E2-461A-B699-F2E45664A2C0} = {F364F48E-640B-4B1B-BA3B-3A751DFB1680}
		{371FA9AB-CD76-4BB6-9E81-9D13BF0833B3} = {F364F48E-640B-4B1B-BA3B-3A751DFB1680}
		{C3F7BE53-7E6D-4A05-9D2D-792E77D3C129} = {F364F48E-640B-4B1B-BA3B-3A751DFB1680}
		{148C1BD0-44F1-4916-BBEA-D30E5517FA73} = {8679CF40-E53F-4B32-BB59-CA50669860BB}
		{A17CCAB0-F2DA-40F8-B2F1-AB4C36462F9C} = {EEED6756-2FDE-46C8-8AF5-B04F86950D7A}
		{B5D90C8D-2F49-4AAB-ABE1-C86EA98A0778} = {EEED6756-2FDE-46C8-8AF5-B04F86950D7A}
		{09FC3D79-BE6D-44DC-8FE5-DDE2BF4550D7} = {EEED6756-2FDE-46C8-8AF5-B04F86950D7A}
		{180CB812-512A-47D6-B96E-B894E81BC1AE} = {A632E471-94E3-4F7C-988F-32EF6AFDAFF8}
		{88BFE3B0-594C-4B35-8883-42F689D92826} = {1225C808-A28F-44BF-B102-1227E44F8ECE}
		{F560BB57-97A8-4E0B-AC94-A7A53C680FEF} = {1225C808-A28F-44BF-B102-1227E44F8ECE}
		{C41D2B44-DCFA-4AD3-9295-867FC94382CC} = {1225C808-A28F-44BF-B102-1227E44F8ECE}
		{AFC5AF88-0593-4A48-8061-BD45AC922AAA} = {7D720FBB-6DE8-4018-A570-8A7E49C5726E}
		{811E8160-B024-48CD-A420-B72DDDEAB6EE} = {F1CD18C9-8FFF-42D7-93A9-94899C7BB902}
		{080FF18C-E383-4D5A-A798-818538A3D374} = {F1CD18C9-8FFF-42D7-93A9-94899C7BB902}
		{F28933C8-595A-4909-823B-16DB4912AE87} = {811E8160-B024-48CD-A420-B72DDDEAB6EE}
		{B6D8AD13-73CB-4E21-9057-2C7F278DAB4C} = {811E8160-B024-48CD-A420-B72DDDEAB6EE}
		{F7BC0D78-087B-4A4E-9AD0-639F695D2E3F} = {811E8160-B024-48CD-A420-B72DDDEAB6EE}
	EndGlobalSection
	GlobalSection(ExtensibilityGlobals) = postSolution
		SolutionGuid = {611101DC-8012-4F83-9A88-06FFFB5585B3}
	EndGlobalSection
EndGlobal
